// !$*UTF8*$!
{
	archiveVersion = 1;
	classes = {
	};
	objectVersion = 56;
	objects = {

/* Begin PBXBuildFile section */
		2E95FB6B2948166D00AA2CA7 /* OrtExtensionsUsageUITests.swift in Sources */ = {isa = PBXBuildFile; fileRef = 2E95FB6A2948166D00AA2CA7 /* OrtExtensionsUsageUITests.swift */; };
		2ECE95DE293A742700039409 /* OrtExtensionsUsageApp.swift in Sources */ = {isa = PBXBuildFile; fileRef = 2ECE95DD293A742700039409 /* OrtExtensionsUsageApp.swift */; };
		2ECE95E0293A742700039409 /* ContentView.swift in Sources */ = {isa = PBXBuildFile; fileRef = 2ECE95DF293A742700039409 /* ContentView.swift */; };
		2ECE95E2293A742800039409 /* Assets.xcassets in Resources */ = {isa = PBXBuildFile; fileRef = 2ECE95E1293A742800039409 /* Assets.xcassets */; };
		2ECE95E5293A742800039409 /* Preview Assets.xcassets in Resources */ = {isa = PBXBuildFile; fileRef = 2ECE95E4293A742800039409 /* Preview Assets.xcassets */; };
		2ECE95EF293A742800039409 /* OrtExtensionsUsageTests.swift in Sources */ = {isa = PBXBuildFile; fileRef = 2ECE95EE293A742800039409 /* OrtExtensionsUsageTests.swift */; };
		2ECE960B293A77FD00039409 /* OrtClient.mm in Sources */ = {isa = PBXBuildFile; fileRef = 2ECE9608293A77FD00039409 /* OrtClient.mm */; };
		2ECE960C293A77FD00039409 /* decode_image.onnx in Resources */ = {isa = PBXBuildFile; fileRef = 2ECE9609293A77FD00039409 /* decode_image.onnx */; };
		2ECE960E293A784E00039409 /* r32_g64_b128_32x32.png in Resources */ = {isa = PBXBuildFile; fileRef = 2ECE960D293A784E00039409 /* r32_g64_b128_32x32.png */; };
/* End PBXBuildFile section */

/* Begin PBXContainerItemProxy section */
		2E95FB6E2948166D00AA2CA7 /* PBXContainerItemProxy */ = {
			isa = PBXContainerItemProxy;
			containerPortal = 2ECE95D2293A742700039409 /* Project object */;
			proxyType = 1;
			remoteGlobalIDString = 2ECE95D9293A742700039409;
			remoteInfo = OrtExtensionsUsage;
		};
		2ECE95EB293A742800039409 /* PBXContainerItemProxy */ = {
			isa = PBXContainerItemProxy;
			containerPortal = 2ECE95D2293A742700039409 /* Project object */;
			proxyType = 1;
			remoteGlobalIDString = 2ECE95D9293A742700039409;
			remoteInfo = OrtExtensionsUsage;
		};
/* End PBXContainerItemProxy section */

/* Begin PBXFileReference section */
		2E95FB682948166D00AA2CA7 /* OrtExtensionsUsageUITests.xctest */ = {isa = PBXFileReference; explicitFileType = wrapper.cfbundle; includeInIndex = 0; path = OrtExtensionsUsageUITests.xctest; sourceTree = BUILT_PRODUCTS_DIR; };
		2E95FB6A2948166D00AA2CA7 /* OrtExtensionsUsageUITests.swift */ = {isa = PBXFileReference; lastKnownFileType = sourcecode.swift; path = OrtExtensionsUsageUITests.swift; sourceTree = "<group>"; };
		2ECE95DA293A742700039409 /* OrtExtensionsUsage.app */ = {isa = PBXFileReference; explicitFileType = wrapper.application; includeInIndex = 0; path = OrtExtensionsUsage.app; sourceTree = BUILT_PRODUCTS_DIR; };
		2ECE95DD293A742700039409 /* OrtExtensionsUsageApp.swift */ = {isa = PBXFileReference; lastKnownFileType = sourcecode.swift; path = OrtExtensionsUsageApp.swift; sourceTree = "<group>"; };
		2ECE95DF293A742700039409 /* ContentView.swift */ = {isa = PBXFileReference; lastKnownFileType = sourcecode.swift; path = ContentView.swift; sourceTree = "<group>"; };
		2ECE95E1293A742800039409 /* Assets.xcassets */ = {isa = PBXFileReference; lastKnownFileType = folder.assetcatalog; path = Assets.xcassets; sourceTree = "<group>"; };
		2ECE95E4293A742800039409 /* Preview Assets.xcassets */ = {isa = PBXFileReference; lastKnownFileType = folder.assetcatalog; path = "Preview Assets.xcassets"; sourceTree = "<group>"; };
		2ECE95EA293A742800039409 /* OrtExtensionsUsageTests.xctest */ = {isa = PBXFileReference; explicitFileType = wrapper.cfbundle; includeInIndex = 0; path = OrtExtensionsUsageTests.xctest; sourceTree = BUILT_PRODUCTS_DIR; };
		2ECE95EE293A742800039409 /* OrtExtensionsUsageTests.swift */ = {isa = PBXFileReference; lastKnownFileType = sourcecode.swift; path = OrtExtensionsUsageTests.swift; sourceTree = "<group>"; };
		2ECE9607293A77FD00039409 /* OrtExtensionsUsage-Bridging-Header.h */ = {isa = PBXFileReference; lastKnownFileType = sourcecode.c.h; path = "OrtExtensionsUsage-Bridging-Header.h"; sourceTree = "<group>"; };
		2ECE9608293A77FD00039409 /* OrtClient.mm */ = {isa = PBXFileReference; fileEncoding = 4; lastKnownFileType = sourcecode.cpp.objcpp; path = OrtClient.mm; sourceTree = "<group>"; };
		2ECE9609293A77FD00039409 /* decode_image.onnx */ = {isa = PBXFileReference; lastKnownFileType = file; path = decode_image.onnx; sourceTree = "<group>"; };
		2ECE960A293A77FD00039409 /* OrtClient.h */ = {isa = PBXFileReference; fileEncoding = 4; lastKnownFileType = sourcecode.c.h; path = OrtClient.h; sourceTree = "<group>"; };
		2ECE960D293A784E00039409 /* r32_g64_b128_32x32.png */ = {isa = PBXFileReference; lastKnownFileType = image.png; path = r32_g64_b128_32x32.png; sourceTree = "<group>"; };
/* End PBXFileReference section */

/* Begin PBXFrameworksBuildPhase section */
		2E95FB652948166D00AA2CA7 /* Frameworks */ = {
			isa = PBXFrameworksBuildPhase;
			buildActionMask = 2147483647;
			files = (
			);
			runOnlyForDeploymentPostprocessing = 0;
		};
		2ECE95D7293A742700039409 /* Frameworks */ = {
			isa = PBXFrameworksBuildPhase;
			buildActionMask = 2147483647;
			files = (
			);
			runOnlyForDeploymentPostprocessing = 0;
		};
		2ECE95E7293A742800039409 /* Frameworks */ = {
			isa = PBXFrameworksBuildPhase;
			buildActionMask = 2147483647;
			files = (
			);
			runOnlyForDeploymentPostprocessing = 0;
		};
/* End PBXFrameworksBuildPhase section */

/* Begin PBXGroup section */
		2E95FB692948166D00AA2CA7 /* OrtExtensionsUsageUITests */ = {
			isa = PBXGroup;
			children = (
				2E95FB6A2948166D00AA2CA7 /* OrtExtensionsUsageUITests.swift */,
			);
			path = OrtExtensionsUsageUITests;
			sourceTree = "<group>";
		};
		2ECE95D1293A742700039409 = {
			isa = PBXGroup;
			children = (
				2ECE95DC293A742700039409 /* OrtExtensionsUsage */,
				2ECE95ED293A742800039409 /* OrtExtensionsUsageTests */,
				2E95FB692948166D00AA2CA7 /* OrtExtensionsUsageUITests */,
				2ECE95DB293A742700039409 /* Products */,
				614CBC9BE6DEBAEABF4B9145 /* Pods */,
			);
			sourceTree = "<group>";
		};
		2ECE95DB293A742700039409 /* Products */ = {
			isa = PBXGroup;
			children = (
				2ECE95DA293A742700039409 /* OrtExtensionsUsage.app */,
				2ECE95EA293A742800039409 /* OrtExtensionsUsageTests.xctest */,
				2E95FB682948166D00AA2CA7 /* OrtExtensionsUsageUITests.xctest */,
			);
			name = Products;
			sourceTree = "<group>";
		};
		2ECE95DC293A742700039409 /* OrtExtensionsUsage */ = {
			isa = PBXGroup;
			children = (
				2ECE960A293A77FD00039409 /* OrtClient.h */,
				2ECE9608293A77FD00039409 /* OrtClient.mm */,
				2ECE95DD293A742700039409 /* OrtExtensionsUsageApp.swift */,
				2ECE95DF293A742700039409 /* ContentView.swift */,
				2ECE9607293A77FD00039409 /* OrtExtensionsUsage-Bridging-Header.h */,
				2ECE9609293A77FD00039409 /* decode_image.onnx */,
				2ECE960D293A784E00039409 /* r32_g64_b128_32x32.png */,
				2ECE95E1293A742800039409 /* Assets.xcassets */,
				2ECE95E3293A742800039409 /* Preview Content */,
			);
			path = OrtExtensionsUsage;
			sourceTree = "<group>";
		};
		2ECE95E3293A742800039409 /* Preview Content */ = {
			isa = PBXGroup;
			children = (
				2ECE95E4293A742800039409 /* Preview Assets.xcassets */,
			);
			path = "Preview Content";
			sourceTree = "<group>";
		};
		2ECE95ED293A742800039409 /* OrtExtensionsUsageTests */ = {
			isa = PBXGroup;
			children = (
				2ECE95EE293A742800039409 /* OrtExtensionsUsageTests.swift */,
			);
			path = OrtExtensionsUsageTests;
			sourceTree = "<group>";
		};
		614CBC9BE6DEBAEABF4B9145 /* Pods */ = {
			isa = PBXGroup;
			children = (
			);
			path = Pods;
			sourceTree = "<group>";
		};
/* End PBXGroup section */

/* Begin PBXNativeTarget section */
		2E95FB672948166D00AA2CA7 /* OrtExtensionsUsageUITests */ = {
			isa = PBXNativeTarget;
			buildConfigurationList = 2E95FB722948166D00AA2CA7 /* Build configuration list for PBXNativeTarget "OrtExtensionsUsageUITests" */;
			buildPhases = (
				2E95FB642948166D00AA2CA7 /* Sources */,
				2E95FB652948166D00AA2CA7 /* Frameworks */,
				2E95FB662948166D00AA2CA7 /* Resources */,
			);
			buildRules = (
			);
			dependencies = (
				2E95FB6F2948166D00AA2CA7 /* PBXTargetDependency */,
			);
			name = OrtExtensionsUsageUITests;
			productName = OrtExtensionsUsageUITests;
			productReference = 2E95FB682948166D00AA2CA7 /* OrtExtensionsUsageUITests.xctest */;
			productType = "com.apple.product-type.bundle.ui-testing";
		};
		2ECE95D9293A742700039409 /* OrtExtensionsUsage */ = {
			isa = PBXNativeTarget;
			buildConfigurationList = 2ECE95FE293A742900039409 /* Build configuration list for PBXNativeTarget "OrtExtensionsUsage" */;
			buildPhases = (
				2ECE95D6293A742700039409 /* Sources */,
				2ECE95D7293A742700039409 /* Frameworks */,
				2ECE95D8293A742700039409 /* Resources */,
			);
			buildRules = (
			);
			dependencies = (
			);
			name = OrtExtensionsUsage;
			productName = OrtExtensionsUsage;
			productReference = 2ECE95DA293A742700039409 /* OrtExtensionsUsage.app */;
			productType = "com.apple.product-type.application";
		};
		2ECE95E9293A742800039409 /* OrtExtensionsUsageTests */ = {
			isa = PBXNativeTarget;
			buildConfigurationList = 2ECE9601293A742900039409 /* Build configuration list for PBXNativeTarget "OrtExtensionsUsageTests" */;
			buildPhases = (
				2ECE95E6293A742800039409 /* Sources */,
				2ECE95E7293A742800039409 /* Frameworks */,
				2ECE95E8293A742800039409 /* Resources */,
			);
			buildRules = (
			);
			dependencies = (
				2ECE95EC293A742800039409 /* PBXTargetDependency */,
			);
			name = OrtExtensionsUsageTests;
			productName = OrtExtensionsUsageTests;
			productReference = 2ECE95EA293A742800039409 /* OrtExtensionsUsageTests.xctest */;
			productType = "com.apple.product-type.bundle.unit-test";
		};
/* End PBXNativeTarget section */

/* Begin PBXProject section */
		2ECE95D2293A742700039409 /* Project object */ = {
			isa = PBXProject;
			attributes = {
				BuildIndependentTargetsInParallel = 1;
				LastSwiftUpdateCheck = 1410;
				LastUpgradeCheck = 1410;
				TargetAttributes = {
					2E95FB672948166D00AA2CA7 = {
						CreatedOnToolsVersion = 14.1;
						TestTargetID = 2ECE95D9293A742700039409;
					};
					2ECE95D9293A742700039409 = {
						CreatedOnToolsVersion = 14.1;
						LastSwiftMigration = 1410;
					};
					2ECE95E9293A742800039409 = {
						CreatedOnToolsVersion = 14.1;
						TestTargetID = 2ECE95D9293A742700039409;
					};
				};
			};
			buildConfigurationList = 2ECE95D5293A742700039409 /* Build configuration list for PBXProject "OrtExtensionsUsage" */;
			compatibilityVersion = "Xcode 14.0";
			developmentRegion = en;
			hasScannedForEncodings = 0;
			knownRegions = (
				en,
				Base,
			);
			mainGroup = 2ECE95D1293A742700039409;
			productRefGroup = 2ECE95DB293A742700039409 /* Products */;
			projectDirPath = "";
			projectRoot = "";
			targets = (
				2ECE95D9293A742700039409 /* OrtExtensionsUsage */,
				2ECE95E9293A742800039409 /* OrtExtensionsUsageTests */,
				2E95FB672948166D00AA2CA7 /* OrtExtensionsUsageUITests */,
			);
		};
/* End PBXProject section */

/* Begin PBXResourcesBuildPhase section */
		2E95FB662948166D00AA2CA7 /* Resources */ = {
			isa = PBXResourcesBuildPhase;
			buildActionMask = 2147483647;
			files = (
			);
			runOnlyForDeploymentPostprocessing = 0;
		};
		2ECE95D8293A742700039409 /* Resources */ = {
			isa = PBXResourcesBuildPhase;
			buildActionMask = 2147483647;
			files = (
				2ECE960C293A77FD00039409 /* decode_image.onnx in Resources */,
				2ECE960E293A784E00039409 /* r32_g64_b128_32x32.png in Resources */,
				2ECE95E5293A742800039409 /* Preview Assets.xcassets in Resources */,
				2ECE95E2293A742800039409 /* Assets.xcassets in Resources */,
			);
			runOnlyForDeploymentPostprocessing = 0;
		};
		2ECE95E8293A742800039409 /* Resources */ = {
			isa = PBXResourcesBuildPhase;
			buildActionMask = 2147483647;
			files = (
			);
			runOnlyForDeploymentPostprocessing = 0;
		};
/* End PBXResourcesBuildPhase section */

/* Begin PBXSourcesBuildPhase section */
		2E95FB642948166D00AA2CA7 /* Sources */ = {
			isa = PBXSourcesBuildPhase;
			buildActionMask = 2147483647;
			files = (
				2E95FB6B2948166D00AA2CA7 /* OrtExtensionsUsageUITests.swift in Sources */,
			);
			runOnlyForDeploymentPostprocessing = 0;
		};
		2ECE95D6293A742700039409 /* Sources */ = {
			isa = PBXSourcesBuildPhase;
			buildActionMask = 2147483647;
			files = (
				2ECE960B293A77FD00039409 /* OrtClient.mm in Sources */,
				2ECE95E0293A742700039409 /* ContentView.swift in Sources */,
				2ECE95DE293A742700039409 /* OrtExtensionsUsageApp.swift in Sources */,
			);
			runOnlyForDeploymentPostprocessing = 0;
		};
		2ECE95E6293A742800039409 /* Sources */ = {
			isa = PBXSourcesBuildPhase;
			buildActionMask = 2147483647;
			files = (
				2ECE95EF293A742800039409 /* OrtExtensionsUsageTests.swift in Sources */,
			);
			runOnlyForDeploymentPostprocessing = 0;
		};
/* End PBXSourcesBuildPhase section */

/* Begin PBXTargetDependency section */
		2E95FB6F2948166D00AA2CA7 /* PBXTargetDependency */ = {
			isa = PBXTargetDependency;
			target = 2ECE95D9293A742700039409 /* OrtExtensionsUsage */;
			targetProxy = 2E95FB6E2948166D00AA2CA7 /* PBXContainerItemProxy */;
		};
		2ECE95EC293A742800039409 /* PBXTargetDependency */ = {
			isa = PBXTargetDependency;
			target = 2ECE95D9293A742700039409 /* OrtExtensionsUsage */;
			targetProxy = 2ECE95EB293A742800039409 /* PBXContainerItemProxy */;
		};
/* End PBXTargetDependency section */

/* Begin XCBuildConfiguration section */
		2E95FB702948166D00AA2CA7 /* Debug */ = {
			isa = XCBuildConfiguration;
			buildSettings = {
				CODE_SIGN_STYLE = Manual;
				CURRENT_PROJECT_VERSION = 1;
				DEVELOPMENT_TEAM = "";
				GENERATE_INFOPLIST_FILE = YES;
				IPHONEOS_DEPLOYMENT_TARGET = 15.3;
				LD_RUNPATH_SEARCH_PATHS = (
					"$(inherited)",
					"$(LD_RUNPATH_SEARCH_PATHS_SHALLOW_BUNDLE_$(SHALLOW_BUNDLE))",
					"@executable_path/Frameworks",
				);
				MARKETING_VERSION = 1.0;
				PRODUCT_BUNDLE_IDENTIFIER = "com.onnxruntime-extensions.OrtExtensionsUsageUITests";
				PRODUCT_NAME = "$(TARGET_NAME)";
				PROVISIONING_PROFILE_SPECIFIER = "";
				SWIFT_EMIT_LOC_STRINGS = NO;
				SWIFT_VERSION = 5.0;
				TARGETED_DEVICE_FAMILY = "1,2";
				TEST_TARGET_NAME = OrtExtensionsUsage;
			};
			name = Debug;
		};
		2E95FB712948166D00AA2CA7 /* Release */ = {
			isa = XCBuildConfiguration;
			buildSettings = {
				CODE_SIGN_STYLE = Manual;
				CURRENT_PROJECT_VERSION = 1;
				DEVELOPMENT_TEAM = "";
				GENERATE_INFOPLIST_FILE = YES;
				IPHONEOS_DEPLOYMENT_TARGET = 15.3;
				LD_RUNPATH_SEARCH_PATHS = (
					"$(inherited)",
					"$(LD_RUNPATH_SEARCH_PATHS_SHALLOW_BUNDLE_$(SHALLOW_BUNDLE))",
					"@executable_path/Frameworks",
				);
				MARKETING_VERSION = 1.0;
				PRODUCT_BUNDLE_IDENTIFIER = "com.onnxruntime-extensions.OrtExtensionsUsageUITests";
				PRODUCT_NAME = "$(TARGET_NAME)";
				PROVISIONING_PROFILE_SPECIFIER = "";
				SWIFT_EMIT_LOC_STRINGS = NO;
				SWIFT_VERSION = 5.0;
				TARGETED_DEVICE_FAMILY = "1,2";
				TEST_TARGET_NAME = OrtExtensionsUsage;
			};
			name = Release;
		};
		2ECE95FC293A742900039409 /* Debug */ = {
			isa = XCBuildConfiguration;
			buildSettings = {
				ALWAYS_SEARCH_USER_PATHS = NO;
				CLANG_ANALYZER_NONNULL = YES;
				CLANG_ANALYZER_NUMBER_OBJECT_CONVERSION = YES_AGGRESSIVE;
				CLANG_CXX_LANGUAGE_STANDARD = "gnu++20";
				CLANG_ENABLE_MODULES = YES;
				CLANG_ENABLE_OBJC_ARC = YES;
				CLANG_ENABLE_OBJC_WEAK = YES;
				CLANG_WARN_BLOCK_CAPTURE_AUTORELEASING = YES;
				CLANG_WARN_BOOL_CONVERSION = YES;
				CLANG_WARN_COMMA = YES;
				CLANG_WARN_CONSTANT_CONVERSION = YES;
				CLANG_WARN_DEPRECATED_OBJC_IMPLEMENTATIONS = YES;
				CLANG_WARN_DIRECT_OBJC_ISA_USAGE = YES_ERROR;
				CLANG_WARN_DOCUMENTATION_COMMENTS = YES;
				CLANG_WARN_EMPTY_BODY = YES;
				CLANG_WARN_ENUM_CONVERSION = YES;
				CLANG_WARN_INFINITE_RECURSION = YES;
				CLANG_WARN_INT_CONVERSION = YES;
				CLANG_WARN_NON_LITERAL_NULL_CONVERSION = YES;
				CLANG_WARN_OBJC_IMPLICIT_RETAIN_SELF = YES;
				CLANG_WARN_OBJC_LITERAL_CONVERSION = YES;
				CLANG_WARN_OBJC_ROOT_CLASS = YES_ERROR;
				CLANG_WARN_QUOTED_INCLUDE_IN_FRAMEWORK_HEADER = YES;
				CLANG_WARN_RANGE_LOOP_ANALYSIS = YES;
				CLANG_WARN_STRICT_PROTOTYPES = YES;
				CLANG_WARN_SUSPICIOUS_MOVE = YES;
				CLANG_WARN_UNGUARDED_AVAILABILITY = YES_AGGRESSIVE;
				CLANG_WARN_UNREACHABLE_CODE = YES;
				CLANG_WARN__DUPLICATE_METHOD_MATCH = YES;
				COPY_PHASE_STRIP = NO;
				DEBUG_INFORMATION_FORMAT = dwarf;
				ENABLE_STRICT_OBJC_MSGSEND = YES;
				ENABLE_TESTABILITY = YES;
				GCC_C_LANGUAGE_STANDARD = gnu11;
				GCC_DYNAMIC_NO_PIC = NO;
				GCC_NO_COMMON_BLOCKS = YES;
				GCC_OPTIMIZATION_LEVEL = 0;
				GCC_PREPROCESSOR_DEFINITIONS = (
					"DEBUG=1",
					"$(inherited)",
				);
				GCC_WARN_64_TO_32_BIT_CONVERSION = YES;
				GCC_WARN_ABOUT_RETURN_TYPE = YES_ERROR;
				GCC_WARN_UNDECLARED_SELECTOR = YES;
				GCC_WARN_UNINITIALIZED_AUTOS = YES_AGGRESSIVE;
				GCC_WARN_UNUSED_FUNCTION = YES;
				GCC_WARN_UNUSED_VARIABLE = YES;
				IPHONEOS_DEPLOYMENT_TARGET = 15.3;
				MTL_ENABLE_DEBUG_INFO = INCLUDE_SOURCE;
				MTL_FAST_MATH = YES;
				ONLY_ACTIVE_ARCH = YES;
				SDKROOT = iphoneos;
				SWIFT_ACTIVE_COMPILATION_CONDITIONS = DEBUG;
				SWIFT_OPTIMIZATION_LEVEL = "-Onone";
			};
			name = Debug;
		};
		2ECE95FD293A742900039409 /* Release */ = {
			isa = XCBuildConfiguration;
			buildSettings = {
				ALWAYS_SEARCH_USER_PATHS = NO;
				CLANG_ANALYZER_NONNULL = YES;
				CLANG_ANALYZER_NUMBER_OBJECT_CONVERSION = YES_AGGRESSIVE;
				CLANG_CXX_LANGUAGE_STANDARD = "gnu++20";
				CLANG_ENABLE_MODULES = YES;
				CLANG_ENABLE_OBJC_ARC = YES;
				CLANG_ENABLE_OBJC_WEAK = YES;
				CLANG_WARN_BLOCK_CAPTURE_AUTORELEASING = YES;
				CLANG_WARN_BOOL_CONVERSION = YES;
				CLANG_WARN_COMMA = YES;
				CLANG_WARN_CONSTANT_CONVERSION = YES;
				CLANG_WARN_DEPRECATED_OBJC_IMPLEMENTATIONS = YES;
				CLANG_WARN_DIRECT_OBJC_ISA_USAGE = YES_ERROR;
				CLANG_WARN_DOCUMENTATION_COMMENTS = YES;
				CLANG_WARN_EMPTY_BODY = YES;
				CLANG_WARN_ENUM_CONVERSION = YES;
				CLANG_WARN_INFINITE_RECURSION = YES;
				CLANG_WARN_INT_CONVERSION = YES;
				CLANG_WARN_NON_LITERAL_NULL_CONVERSION = YES;
				CLANG_WARN_OBJC_IMPLICIT_RETAIN_SELF = YES;
				CLANG_WARN_OBJC_LITERAL_CONVERSION = YES;
				CLANG_WARN_OBJC_ROOT_CLASS = YES_ERROR;
				CLANG_WARN_QUOTED_INCLUDE_IN_FRAMEWORK_HEADER = YES;
				CLANG_WARN_RANGE_LOOP_ANALYSIS = YES;
				CLANG_WARN_STRICT_PROTOTYPES = YES;
				CLANG_WARN_SUSPICIOUS_MOVE = YES;
				CLANG_WARN_UNGUARDED_AVAILABILITY = YES_AGGRESSIVE;
				CLANG_WARN_UNREACHABLE_CODE = YES;
				CLANG_WARN__DUPLICATE_METHOD_MATCH = YES;
				COPY_PHASE_STRIP = NO;
				DEBUG_INFORMATION_FORMAT = "dwarf-with-dsym";
				ENABLE_NS_ASSERTIONS = NO;
				ENABLE_STRICT_OBJC_MSGSEND = YES;
				GCC_C_LANGUAGE_STANDARD = gnu11;
				GCC_NO_COMMON_BLOCKS = YES;
				GCC_WARN_64_TO_32_BIT_CONVERSION = YES;
				GCC_WARN_ABOUT_RETURN_TYPE = YES_ERROR;
				GCC_WARN_UNDECLARED_SELECTOR = YES;
				GCC_WARN_UNINITIALIZED_AUTOS = YES_AGGRESSIVE;
				GCC_WARN_UNUSED_FUNCTION = YES;
				GCC_WARN_UNUSED_VARIABLE = YES;
				IPHONEOS_DEPLOYMENT_TARGET = 15.3;
				MTL_ENABLE_DEBUG_INFO = NO;
				MTL_FAST_MATH = YES;
				SDKROOT = iphoneos;
				SWIFT_COMPILATION_MODE = wholemodule;
				SWIFT_OPTIMIZATION_LEVEL = "-O";
				VALIDATE_PRODUCT = YES;
			};
			name = Release;
		};
		2ECE95FF293A742900039409 /* Debug */ = {
			isa = XCBuildConfiguration;
			buildSettings = {
				ASSETCATALOG_COMPILER_APPICON_NAME = AppIcon;
				ASSETCATALOG_COMPILER_GLOBAL_ACCENT_COLOR_NAME = AccentColor;
				CLANG_ENABLE_MODULES = YES;
				CODE_SIGN_STYLE = Manual;
				COMPRESS_PNG_FILES = NO;
				CURRENT_PROJECT_VERSION = 1;
				DEVELOPMENT_ASSET_PATHS = "\"OrtExtensionsUsage/Preview Content\"";
				DEVELOPMENT_TEAM = "";
				ENABLE_PREVIEWS = YES;
				GENERATE_INFOPLIST_FILE = YES;
				INFOPLIST_KEY_UIApplicationSceneManifest_Generation = YES;
				INFOPLIST_KEY_UIApplicationSupportsIndirectInputEvents = YES;
				INFOPLIST_KEY_UILaunchScreen_Generation = YES;
				INFOPLIST_KEY_UISupportedInterfaceOrientations_iPad = "UIInterfaceOrientationPortrait UIInterfaceOrientationPortraitUpsideDown UIInterfaceOrientationLandscapeLeft UIInterfaceOrientationLandscapeRight";
				INFOPLIST_KEY_UISupportedInterfaceOrientations_iPhone = "UIInterfaceOrientationPortrait UIInterfaceOrientationLandscapeLeft UIInterfaceOrientationLandscapeRight";
				IPHONEOS_DEPLOYMENT_TARGET = 15.3;
				LD_RUNPATH_SEARCH_PATHS = (
					"$(inherited)",
					"@executable_path/Frameworks",
				);
				MARKETING_VERSION = 1.0;
				PRODUCT_BUNDLE_IDENTIFIER = "com.onnxruntime-extensions.OrtExtensionsUsage";
				PRODUCT_NAME = "$(TARGET_NAME)";
				PROVISIONING_PROFILE_SPECIFIER = "";
				STRIP_PNG_TEXT = NO;
				SWIFT_EMIT_LOC_STRINGS = YES;
				SWIFT_OBJC_BRIDGING_HEADER = "OrtExtensionsUsage/OrtExtensionsUsage-Bridging-Header.h";
				SWIFT_OPTIMIZATION_LEVEL = "-Onone";
				SWIFT_VERSION = 5.0;
				TARGETED_DEVICE_FAMILY = "1,2";
			};
			name = Debug;
		};
		2ECE9600293A742900039409 /* Release */ = {
			isa = XCBuildConfiguration;
			buildSettings = {
				ASSETCATALOG_COMPILER_APPICON_NAME = AppIcon;
				ASSETCATALOG_COMPILER_GLOBAL_ACCENT_COLOR_NAME = AccentColor;
				CLANG_ENABLE_MODULES = YES;
				CODE_SIGN_STYLE = Manual;
				COMPRESS_PNG_FILES = NO;
				CURRENT_PROJECT_VERSION = 1;
				DEVELOPMENT_ASSET_PATHS = "\"OrtExtensionsUsage/Preview Content\"";
				DEVELOPMENT_TEAM = "";
				ENABLE_PREVIEWS = YES;
				GENERATE_INFOPLIST_FILE = YES;
				INFOPLIST_KEY_UIApplicationSceneManifest_Generation = YES;
				INFOPLIST_KEY_UIApplicationSupportsIndirectInputEvents = YES;
				INFOPLIST_KEY_UILaunchScreen_Generation = YES;
				INFOPLIST_KEY_UISupportedInterfaceOrientations_iPad = "UIInterfaceOrientationPortrait UIInterfaceOrientationPortraitUpsideDown UIInterfaceOrientationLandscapeLeft UIInterfaceOrientationLandscapeRight";
				INFOPLIST_KEY_UISupportedInterfaceOrientations_iPhone = "UIInterfaceOrientationPortrait UIInterfaceOrientationLandscapeLeft UIInterfaceOrientationLandscapeRight";
				IPHONEOS_DEPLOYMENT_TARGET = 15.3;
				LD_RUNPATH_SEARCH_PATHS = (
					"$(inherited)",
					"@executable_path/Frameworks",
				);
				MARKETING_VERSION = 1.0;
				PRODUCT_BUNDLE_IDENTIFIER = "com.onnxruntime-extensions.OrtExtensionsUsage";
				PRODUCT_NAME = "$(TARGET_NAME)";
				PROVISIONING_PROFILE_SPECIFIER = "";
				STRIP_PNG_TEXT = NO;
				SWIFT_EMIT_LOC_STRINGS = YES;
				SWIFT_OBJC_BRIDGING_HEADER = "OrtExtensionsUsage/OrtExtensionsUsage-Bridging-Header.h";
				SWIFT_VERSION = 5.0;
				TARGETED_DEVICE_FAMILY = "1,2";
			};
			name = Release;
		};
		2ECE9602293A742900039409 /* Debug */ = {
			isa = XCBuildConfiguration;
			buildSettings = {
				ALWAYS_EMBED_SWIFT_STANDARD_LIBRARIES = YES;
				BUNDLE_LOADER = "$(TEST_HOST)";
				"CODE_SIGN_IDENTITY[sdk=iphoneos*]" = "Apple Development";
				CODE_SIGN_STYLE = Manual;
				CURRENT_PROJECT_VERSION = 1;
				DEVELOPMENT_TEAM = "";
				GENERATE_INFOPLIST_FILE = YES;
				IPHONEOS_DEPLOYMENT_TARGET = 15.3;
				MARKETING_VERSION = 1.0;
				PRODUCT_BUNDLE_IDENTIFIER = "com.onnxruntime-extensions.OrtExtensionsUsageTests";
				PRODUCT_NAME = "$(TARGET_NAME)";
				PROVISIONING_PROFILE_SPECIFIER = "";
				SWIFT_EMIT_LOC_STRINGS = NO;
				SWIFT_VERSION = 5.0;
				TARGETED_DEVICE_FAMILY = "1,2";
				TEST_HOST = "$(BUILT_PRODUCTS_DIR)/OrtExtensionsUsage.app/$(BUNDLE_EXECUTABLE_FOLDER_PATH)/OrtExtensionsUsage";
			};
			name = Debug;
		};
		2ECE9603293A742900039409 /* Release */ = {
			isa = XCBuildConfiguration;
			buildSettings = {
				ALWAYS_EMBED_SWIFT_STANDARD_LIBRARIES = YES;
				BUNDLE_LOADER = "$(TEST_HOST)";
				"CODE_SIGN_IDENTITY[sdk=iphoneos*]" = "Apple Development";
				CODE_SIGN_STYLE = Manual;
				CURRENT_PROJECT_VERSION = 1;
				DEVELOPMENT_TEAM = "";
				GENERATE_INFOPLIST_FILE = YES;
				IPHONEOS_DEPLOYMENT_TARGET = 15.3;
				MARKETING_VERSION = 1.0;
				PRODUCT_BUNDLE_IDENTIFIER = "com.onnxruntime-extensions.OrtExtensionsUsageTests";
				PRODUCT_NAME = "$(TARGET_NAME)";
				PROVISIONING_PROFILE_SPECIFIER = "";
				SWIFT_EMIT_LOC_STRINGS = NO;
				SWIFT_VERSION = 5.0;
				TARGETED_DEVICE_FAMILY = "1,2";
				TEST_HOST = "$(BUILT_PRODUCTS_DIR)/OrtExtensionsUsage.app/$(BUNDLE_EXECUTABLE_FOLDER_PATH)/OrtExtensionsUsage";
			};
			name = Release;
		};
/* End XCBuildConfiguration section */

/* Begin XCConfigurationList section */
		2E95FB722948166D00AA2CA7 /* Build configuration list for PBXNativeTarget "OrtExtensionsUsageUITests" */ = {
			isa = XCConfigurationList;
			buildConfigurations = (
				2E95FB702948166D00AA2CA7 /* Debug */,
				2E95FB712948166D00AA2CA7 /* Release */,
			);
			defaultConfigurationIsVisible = 0;
			defaultConfigurationName = Release;
		};
		2ECE95D5293A742700039409 /* Build configuration list for PBXProject "OrtExtensionsUsage" */ = {
			isa = XCConfigurationList;
			buildConfigurations = (
				2ECE95FC293A742900039409 /* Debug */,
				2ECE95FD293A742900039409 /* Release */,
			);
			defaultConfigurationIsVisible = 0;
			defaultConfigurationName = Release;
		};
		2ECE95FE293A742900039409 /* Build configuration list for PBXNativeTarget "OrtExtensionsUsage" */ = {
			isa = XCConfigurationList;
			buildConfigurations = (
				2ECE95FF293A742900039409 /* Debug */,
				2ECE9600293A742900039409 /* Release */,
			);
			defaultConfigurationIsVisible = 0;
			defaultConfigurationName = Release;
		};
		2ECE9601293A742900039409 /* Build configuration list for PBXNativeTarget "OrtExtensionsUsageTests" */ = {
			isa = XCConfigurationList;
			buildConfigurations = (
				2ECE9602293A742900039409 /* Debug */,
				2ECE9603293A742900039409 /* Release */,
			);
			defaultConfigurationIsVisible = 0;
			defaultConfigurationName = Release;
		};
/* End XCConfigurationList section */
	};
	rootObject = 2ECE95D2293A742700039409 /* Project object */;
}
